
Microsoft Visual Studio Solution File, Format Version 12.00
# Visual Studio Version 17
VisualStudioVersion = 17.8.34511.84
MinimumVisualStudioVersion = 10.0.40219.1
Project("{FAE04EC0-301F-11D3-BF4B-00C04F79EFBC}") = "GuessingGame", "GuessingGame\GuessingGame.csproj", "{8494E121-9FCF-4F3C-9827-BBC3506558C6}"
EndProject
Global
	GlobalSection(SolutionConfigurationPlatforms) = preSolution
		Debug|Any CPU = Debug|Any CPU
		Release|Any CPU = Release|Any CPU
	EndGlobalSection
	GlobalSection(ProjectConfigurationPlatforms) = postSolution
		{8494E121-9FCF-4F3C-9827-BBC3506558C6}.Debug|Any CPU.ActiveCfg = Debug|Any CPU
		{8494E121-9FCF-4F3C-9827-BBC3506558C6}.Debug|Any CPU.Build.0 = Debug|Any CPU
		{8494E121-9FCF-4F3C-9827-BBC3506558C6}.Release|Any CPU.ActiveCfg = Release|Any CPU
		{8494E121-9FCF-4F3C-9827-BBC3506558C6}.Release|Any CPU.Build.0 = Release|Any CPU
	EndGlobalSection
	GlobalSection(SolutionProperties) = preSolution
		HideSolutionNode = FALSE
	EndGlobalSection
	GlobalSection(ExtensibilityGlobals) = postSolution
		SolutionGuid = {DAB430A6-22DD-431A-B8D6-551287FE6D26}
	EndGlobalSection
EndGlobal
